
Microsoft Visual Studio Solution File, Format Version 12.00
# Visual Studio Version 16
VisualStudioVersion = 16.0.30804.86
MinimumVisualStudioVersion = 10.0.40219.1
Project("{888888A0-9F3D-457C-B088-3A5042F75D52}") = "Burpy", "Burpy\Burpy.pyproj", "{6128737B-DE29-4BE0-96A1-5AF2E670887C}"
EndProject
Global
	GlobalSection(SolutionConfigurationPlatforms) = preSolution
		Debug|Any CPU = Debug|Any CPU
		Release|Any CPU = Release|Any CPU
	EndGlobalSection
	GlobalSection(ProjectConfigurationPlatforms) = postSolution
		{6128737B-DE29-4BE0-96A1-5AF2E670887C}.Debug|Any CPU.ActiveCfg = Debug|Any CPU
		{6128737B-DE29-4BE0-96A1-5AF2E670887C}.Release|Any CPU.ActiveCfg = Release|Any CPU
	EndGlobalSection
	GlobalSection(SolutionProperties) = preSolution
		HideSolutionNode = FALSE
	EndGlobalSection
	GlobalSection(ExtensibilityGlobals) = postSolution
		SolutionGuid = {3A6C5FAF-550D-4ACC-8179-37646BEE5D6B}
	EndGlobalSection
EndGlobal
